
Microsoft Visual Studio Solution File, Format Version 12.00
# Visual Studio Version 17
VisualStudioVersion = 17.5.33502.453
MinimumVisualStudioVersion = 10.0.40219.1
Project("{FAE04EC0-301F-11D3-BF4B-00C04F79EFBC}") = "ProgrammingLanguage_Juli", "ProgrammingLanguage_Juli\ProgrammingLanguage_Juli.csproj", "{B9C289FC-E4B5-4559-A4CE-A4CD69522B70}"
EndProject
Global
	GlobalSection(SolutionConfigurationPlatforms) = preSolution
		Debug|Any CPU = Debug|Any CPU
		Release|Any CPU = Release|Any CPU
	EndGlobalSection
	GlobalSection(ProjectConfigurationPlatforms) = postSolution
		{B9C289FC-E4B5-4559-A4CE-A4CD69522B70}.Debug|Any CPU.ActiveCfg = Debug|Any CPU
		{B9C289FC-E4B5-4559-A4CE-A4CD69522B70}.Debug|Any CPU.Build.0 = Debug|Any CPU
		{B9C289FC-E4B5-4559-A4CE-A4CD69522B70}.Release|Any CPU.ActiveCfg = Release|Any CPU
		{B9C289FC-E4B5-4559-A4CE-A4CD69522B70}.Release|Any CPU.Build.0 = Release|Any CPU
	EndGlobalSection
	GlobalSection(SolutionProperties) = preSolution
		HideSolutionNode = FALSE
	EndGlobalSection
	GlobalSection(ExtensibilityGlobals) = postSolution
		SolutionGuid = {CA822931-6616-4042-A381-AA4AC6F1C640}
	EndGlobalSection
EndGlobal
